
Microsoft Visual Studio Solution File, Format Version 12.00
# Visual Studio Version 17
VisualStudioVersion = 17.3.32825.248
MinimumVisualStudioVersion = 10.0.40219.1
Project("{FAE04EC0-301F-11D3-BF4B-00C04F79EFBC}") = "JwtWebApiTutorial", "JwtWebApiTutorial\JwtWebApiTutorial.csproj", "{0D78A0B7-9C96-4D32-9AA9-3954883A8157}"
EndProject
Global
	GlobalSection(SolutionConfigurationPlatforms) = preSolution
		Debug|Any CPU = Debug|Any CPU
		Release|Any CPU = Release|Any CPU
	EndGlobalSection
	GlobalSection(ProjectConfigurationPlatforms) = postSolution
		{0D78A0B7-9C96-4D32-9AA9-3954883A8157}.Debug|Any CPU.ActiveCfg = Debug|Any CPU
		{0D78A0B7-9C96-4D32-9AA9-3954883A8157}.Debug|Any CPU.Build.0 = Debug|Any CPU
		{0D78A0B7-9C96-4D32-9AA9-3954883A8157}.Release|Any CPU.ActiveCfg = Release|Any CPU
		{0D78A0B7-9C96-4D32-9AA9-3954883A8157}.Release|Any CPU.Build.0 = Release|Any CPU
	EndGlobalSection
	GlobalSection(SolutionProperties) = preSolution
		HideSolutionNode = FALSE
	EndGlobalSection
	GlobalSection(ExtensibilityGlobals) = postSolution
		SolutionGuid = {ACA08652-1195-4CB3-B35F-9C97641221A0}
	EndGlobalSection
EndGlobal
